// !$*UTF8*$!
{
	archiveVersion = 1;
	classes = {
	};
	objectVersion = 50;
	objects = {

/* Begin PBXBuildFile section */
		5B328AF524EAFED9009DA578 /* AppDelegate.swift in Sources */ = {isa = PBXBuildFile; fileRef = 5B328AF424EAFED9009DA578 /* AppDelegate.swift */; };
		5B328AF724EAFED9009DA578 /* SceneDelegate.swift in Sources */ = {isa = PBXBuildFile; fileRef = 5B328AF624EAFED9009DA578 /* SceneDelegate.swift */; };
		5B328AF924EAFED9009DA578 /* ContentView.swift in Sources */ = {isa = PBXBuildFile; fileRef = 5B328AF824EAFED9009DA578 /* ContentView.swift */; };
		5B328AFB24EAFEE9009DA578 /* Assets.xcassets in Resources */ = {isa = PBXBuildFile; fileRef = 5B328AFA24EAFEE9009DA578 /* Assets.xcassets */; };
		5B328AFE24EAFEE9009DA578 /* Preview Assets.xcassets in Resources */ = {isa = PBXBuildFile; fileRef = 5B328AFD24EAFEE9009DA578 /* Preview Assets.xcassets */; };
		5B328B0124EAFEE9009DA578 /* LaunchScreen.storyboard in Resources */ = {isa = PBXBuildFile; fileRef = 5B328AFF24EAFEE9009DA578 /* LaunchScreen.storyboard */; };
		5B328B0A24EB0403009DA578 /* SFProDisplayMedium.ttf in Resources */ = {isa = PBXBuildFile; fileRef = 5B328B0924EB0403009DA578 /* SFProDisplayMedium.ttf */; };
/* End PBXBuildFile section */

/* Begin PBXFileReference section */
		5B328AF124EAFED9009DA578 /* SteveCard.app */ = {isa = PBXFileReference; explicitFileType = wrapper.application; includeInIndex = 0; path = SteveCard.app; sourceTree = BUILT_PRODUCTS_DIR; };
		5B328AF424EAFED9009DA578 /* AppDelegate.swift */ = {isa = PBXFileReference; lastKnownFileType = sourcecode.swift; path = AppDelegate.swift; sourceTree = "<group>"; };
		5B328AF624EAFED9009DA578 /* SceneDelegate.swift */ = {isa = PBXFileReference; lastKnownFileType = sourcecode.swift; path = SceneDelegate.swift; sourceTree = "<group>"; };
		5B328AF824EAFED9009DA578 /* ContentView.swift */ = {isa = PBXFileReference; lastKnownFileType = sourcecode.swift; path = ContentView.swift; sourceTree = "<group>"; };
		5B328AFA24EAFEE9009DA578 /* Assets.xcassets */ = {isa = PBXFileReference; lastKnownFileType = folder.assetcatalog; path = Assets.xcassets; sourceTree = "<group>"; };
		5B328AFD24EAFEE9009DA578 /* Preview Assets.xcassets */ = {isa = PBXFileReference; lastKnownFileType = folder.assetcatalog; path = "Preview Assets.xcassets"; sourceTree = "<group>"; };
		5B328B0024EAFEE9009DA578 /* Base */ = {isa = PBXFileReference; lastKnownFileType = file.storyboard; name = Base; path = Base.lproj/LaunchScreen.storyboard; sourceTree = "<group>"; };
		5B328B0224EAFEE9009DA578 /* Info.plist */ = {isa = PBXFileReference; lastKnownFileType = text.plist.xml; path = Info.plist; sourceTree = "<group>"; };
		5B328B0924EB0403009DA578 /* SFProDisplayMedium.ttf */ = {isa = PBXFileReference; lastKnownFileType = file; path = SFProDisplayMedium.ttf; sourceTree = "<group>"; };
/* End PBXFileReference section */

/* Begin PBXFrameworksBuildPhase section */
		5B328AEE24EAFED9009DA578 /* Frameworks */ = {
			isa = PBXFrameworksBuildPhase;
			buildActionMask = 2147483647;
			files = (
			);
			runOnlyForDeploymentPostprocessing = 0;
		};
/* End PBXFrameworksBuildPhase section */

/* Begin PBXGroup section */
		5B328AE824EAFED9009DA578 = {
			isa = PBXGroup;
			children = (
				5B328AF324EAFED9009DA578 /* SteveCard */,
				5B328AF224EAFED9009DA578 /* Products */,
			);
			sourceTree = "<group>";
		};
		5B328AF224EAFED9009DA578 /* Products */ = {
			isa = PBXGroup;
			children = (
				5B328AF124EAFED9009DA578 /* SteveCard.app */,
			);
			name = Products;
			sourceTree = "<group>";
		};
		5B328AF324EAFED9009DA578 /* SteveCard */ = {
			isa = PBXGroup;
			children = (
				5B328B0824EB037F009DA578 /* fonts */,
				5B328AF424EAFED9009DA578 /* AppDelegate.swift */,
				5B328AF624EAFED9009DA578 /* SceneDelegate.swift */,
				5B328AF824EAFED9009DA578 /* ContentView.swift */,
				5B328AFA24EAFEE9009DA578 /* Assets.xcassets */,
				5B328AFF24EAFEE9009DA578 /* LaunchScreen.storyboard */,
				5B328B0224EAFEE9009DA578 /* Info.plist */,
				5B328AFC24EAFEE9009DA578 /* Preview Content */,
			);
			path = SteveCard;
			sourceTree = "<group>";
		};
		5B328AFC24EAFEE9009DA578 /* Preview Content */ = {
			isa = PBXGroup;
			children = (
				5B328AFD24EAFEE9009DA578 /* Preview Assets.xcassets */,
			);
			path = "Preview Content";
			sourceTree = "<group>";
		};
		5B328B0824EB037F009DA578 /* fonts */ = {
			isa = PBXGroup;
			children = (
				5B328B0924EB0403009DA578 /* SFProDisplayMedium.ttf */,
			);
			name = fonts;
			path = "New Group";
			sourceTree = "<group>";
		};
/* End PBXGroup section */

/* Begin PBXNativeTarget section */
		5B328AF024EAFED9009DA578 /* SteveCard */ = {
			isa = PBXNativeTarget;
			buildConfigurationList = 5B328B0524EAFEE9009DA578 /* Build configuration list for PBXNativeTarget "SteveCard" */;
			buildPhases = (
				5B328AED24EAFED9009DA578 /* Sources */,
				5B328AEE24EAFED9009DA578 /* Frameworks */,
				5B328AEF24EAFED9009DA578 /* Resources */,
			);
			buildRules = (
			);
			dependencies = (
			);
			name = SteveCard;
			productName = SteveCard;
			productReference = 5B328AF124EAFED9009DA578 /* SteveCard.app */;
			productType = "com.apple.product-type.application";
		};
/* End PBXNativeTarget section */

/* Begin PBXProject section */
		5B328AE924EAFED9009DA578 /* Project object */ = {
			isa = PBXProject;
			attributes = {
				LastSwiftUpdateCheck = 1160;
				LastUpgradeCheck = 1160;
				ORGANIZATIONNAME = "Steve Hechio";
				TargetAttributes = {
					5B328AF024EAFED9009DA578 = {
						CreatedOnToolsVersion = 11.6;
					};
				};
			};
			buildConfigurationList = 5B328AEC24EAFED9009DA578 /* Build configuration list for PBXProject "SteveCard" */;
			compatibilityVersion = "Xcode 9.3";
			developmentRegion = en;
			hasScannedForEncodings = 0;
			knownRegions = (
				en,
				Base,
			);
			mainGroup = 5B328AE824EAFED9009DA578;
			productRefGroup = 5B328AF224EAFED9009DA578 /* Products */;
			projectDirPath = "";
			projectRoot = "";
			targets = (
				5B328AF024EAFED9009DA578 /* SteveCard */,
			);
		};
/* End PBXProject section */

/* Begin PBXResourcesBuildPhase section */
		5B328AEF24EAFED9009DA578 /* Resources */ = {
			isa = PBXResourcesBuildPhase;
			buildActionMask = 2147483647;
			files = (
				5B328B0124EAFEE9009DA578 /* LaunchScreen.storyboard in Resources */,
				5B328AFE24EAFEE9009DA578 /* Preview Assets.xcassets in Resources */,
				5B328AFB24EAFEE9009DA578 /* Assets.xcassets in Resources */,
				5B328B0A24EB0403009DA578 /* SFProDisplayMedium.ttf in Resources */,
			);
			runOnlyForDeploymentPostprocessing = 0;
		};
/* End PBXResourcesBuildPhase section */

/* Begin PBXSourcesBuildPhase section */
		5B328AED24EAFED9009DA578 /* Sources */ = {
			isa = PBXSourcesBuildPhase;
			buildActionMask = 2147483647;
			files = (
				5B328AF524EAFED9009DA578 /* AppDelegate.swift in Sources */,
				5B328AF724EAFED9009DA578 /* SceneDelegate.swift in Sources */,
				5B328AF924EAFED9009DA578 /* ContentView.swift in Sources */,
			);
			runOnlyForDeploymentPostprocessing = 0;
		};
/* End PBXSourcesBuildPhase section */

/* Begin PBXVariantGroup section */
		5B328AFF24EAFEE9009DA578 /* LaunchScreen.storyboard */ = {
			isa = PBXVariantGroup;
			children = (
				5B328B0024EAFEE9009DA578 /* Base */,
			);
			name = LaunchScreen.storyboard;
			sourceTree = "<group>";
		};
/* End PBXVariantGroup section */

/* Begin XCBuildConfiguration section */
		5B328B0324EAFEE9009DA578 /* Debug */ = {
			isa = XCBuildConfiguration;
			buildSettings = {
				ALWAYS_SEARCH_USER_PATHS = NO;
				CLANG_ANALYZER_NONNULL = YES;
				CLANG_ANALYZER_NUMBER_OBJECT_CONVERSION = YES_AGGRESSIVE;
				CLANG_CXX_LANGUAGE_STANDARD = "gnu++14";
				CLANG_CXX_LIBRARY = "libc++";
				CLANG_ENABLE_MODULES = YES;
				CLANG_ENABLE_OBJC_ARC = YES;
				CLANG_ENABLE_OBJC_WEAK = YES;
				CLANG_WARN_BLOCK_CAPTURE_AUTORELEASING = YES;
				CLANG_WARN_BOOL_CONVERSION = YES;
				CLANG_WARN_COMMA = YES;
				CLANG_WARN_CONSTANT_CONVERSION = YES;
				CLANG_WARN_DEPRECATED_OBJC_IMPLEMENTATIONS = YES;
				CLANG_WARN_DIRECT_OBJC_ISA_USAGE = YES_ERROR;
				CLANG_WARN_DOCUMENTATION_COMMENTS = YES;
				CLANG_WARN_EMPTY_BODY = YES;
				CLANG_WARN_ENUM_CONVERSION = YES;
				CLANG_WARN_INFINITE_RECURSION = YES;
				CLANG_WARN_INT_CONVERSION = YES;
				CLANG_WARN_NON_LITERAL_NULL_CONVERSION = YES;
				CLANG_WARN_OBJC_IMPLICIT_RETAIN_SELF = YES;
				CLANG_WARN_OBJC_LITERAL_CONVERSION = YES;
				CLANG_WARN_OBJC_ROOT_CLASS = YES_ERROR;
				CLANG_WARN_RANGE_LOOP_ANALYSIS = YES;
				CLANG_WARN_STRICT_PROTOTYPES = YES;
				CLANG_WARN_SUSPICIOUS_MOVE = YES;
				CLANG_WARN_UNGUARDED_AVAILABILITY = YES_AGGRESSIVE;
				CLANG_WARN_UNREACHABLE_CODE = YES;
				CLANG_WARN__DUPLICATE_METHOD_MATCH = YES;
				COPY_PHASE_STRIP = NO;
				DEBUG_INFORMATION_FORMAT = dwarf;
				ENABLE_STRICT_OBJC_MSGSEND = YES;
				ENABLE_TESTABILITY = YES;
				GCC_C_LANGUAGE_STANDARD = gnu11;
				GCC_DYNAMIC_NO_PIC = NO;
				GCC_NO_COMMON_BLOCKS = YES;
				GCC_OPTIMIZATION_LEVEL = 0;
				GCC_PREPROCESSOR_DEFINITIONS = (
					"DEBUG=1",
					"$(inherited)",
				);
				GCC_WARN_64_TO_32_BIT_CONVERSION = YES;
				GCC_WARN_ABOUT_RETURN_TYPE = YES_ERROR;
				GCC_WARN_UNDECLARED_SELECTOR = YES;
				GCC_WARN_UNINITIALIZED_AUTOS = YES_AGGRESSIVE;
				GCC_WARN_UNUSED_FUNCTION = YES;
				GCC_WARN_UNUSED_VARIABLE = YES;
				IPHONEOS_DEPLOYMENT_TARGET = 13.6;
				MTL_ENABLE_DEBUG_INFO = INCLUDE_SOURCE;
				MTL_FAST_MATH = YES;
				ONLY_ACTIVE_ARCH = YES;
				SDKROOT = iphoneos;
				SWIFT_ACTIVE_COMPILATION_CONDITIONS = DEBUG;
				SWIFT_OPTIMIZATION_LEVEL = "-Onone";
			};
			name = Debug;
		};
		5B328B0424EAFEE9009DA578 /* Release */ = {
			isa = XCBuildConfiguration;
			buildSettings = {
				ALWAYS_SEARCH_USER_PATHS = NO;
				CLANG_ANALYZER_NONNULL = YES;
				CLANG_ANALYZER_NUMBER_OBJECT_CONVERSION = YES_AGGRESSIVE;
				CLANG_CXX_LANGUAGE_STANDARD = "gnu++14";
				CLANG_CXX_LIBRARY = "libc++";
				CLANG_ENABLE_MODULES = YES;
				CLANG_ENABLE_OBJC_ARC = YES;
				CLANG_ENABLE_OBJC_WEAK = YES;
				CLANG_WARN_BLOCK_CAPTURE_AUTORELEASING = YES;
				CLANG_WARN_BOOL_CONVERSION = YES;
				CLANG_WARN_COMMA = YES;
				CLANG_WARN_CONSTANT_CONVERSION = YES;
				CLANG_WARN_DEPRECATED_OBJC_IMPLEMENTATIONS = YES;
				CLANG_WARN_DIRECT_OBJC_ISA_USAGE = YES_ERROR;
				CLANG_WARN_DOCUMENTATION_COMMENTS = YES;
				CLANG_WARN_EMPTY_BODY = YES;
				CLANG_WARN_ENUM_CONVERSION = YES;
				CLANG_WARN_INFINITE_RECURSION = YES;
				CLANG_WARN_INT_CONVERSION = YES;
				CLANG_WARN_NON_LITERAL_NULL_CONVERSION = YES;
				CLANG_WARN_OBJC_IMPLICIT_RETAIN_SELF = YES;
				CLANG_WARN_OBJC_LITERAL_CONVERSION = YES;
				CLANG_WARN_OBJC_ROOT_CLASS = YES_ERROR;
				CLANG_WARN_RANGE_LOOP_ANALYSIS = YES;
				CLANG_WARN_STRICT_PROTOTYPES = YES;
				CLANG_WARN_SUSPICIOUS_MOVE = YES;
				CLANG_WARN_UNGUARDED_AVAILABILITY = YES_AGGRESSIVE;
				CLANG_WARN_UNREACHABLE_CODE = YES;
				CLANG_WARN__DUPLICATE_METHOD_MATCH = YES;
				COPY_PHASE_STRIP = NO;
				DEBUG_INFORMATION_FORMAT = "dwarf-with-dsym";
				ENABLE_NS_ASSERTIONS = NO;
				ENABLE_STRICT_OBJC_MSGSEND = YES;
				GCC_C_LANGUAGE_STANDARD = gnu11;
				GCC_NO_COMMON_BLOCKS = YES;
				GCC_WARN_64_TO_32_BIT_CONVERSION = YES;
				GCC_WARN_ABOUT_RETURN_TYPE = YES_ERROR;
				GCC_WARN_UNDECLARED_SELECTOR = YES;
				GCC_WARN_UNINITIALIZED_AUTOS = YES_AGGRESSIVE;
				GCC_WARN_UNUSED_FUNCTION = YES;
				GCC_WARN_UNUSED_VARIABLE = YES;
				IPHONEOS_DEPLOYMENT_TARGET = 13.6;
				MTL_ENABLE_DEBUG_INFO = NO;
				MTL_FAST_MATH = YES;
				SDKROOT = iphoneos;
				SWIFT_COMPILATION_MODE = wholemodule;
				SWIFT_OPTIMIZATION_LEVEL = "-O";
				VALIDATE_PRODUCT = YES;
			};
			name = Release;
		};
		5B328B0624EAFEE9009DA578 /* Debug */ = {
			isa = XCBuildConfiguration;
			buildSettings = {
				ASSETCATALOG_COMPILER_APPICON_NAME = AppIcon;
				CODE_SIGN_STYLE = Automatic;
				DEVELOPMENT_ASSET_PATHS = "\"SteveCard/Preview Content\"";
				DEVELOPMENT_TEAM = 4582NNJ7T6;
				ENABLE_PREVIEWS = YES;
				INFOPLIST_FILE = SteveCard/Info.plist;
				LD_RUNPATH_SEARCH_PATHS = (
					"$(inherited)",
					"@executable_path/Frameworks",
				);
				PRODUCT_BUNDLE_IDENTIFIER = com.stevehechio.SteveCard;
				PRODUCT_NAME = "$(TARGET_NAME)";
				SWIFT_VERSION = 5.0;
				TARGETED_DEVICE_FAMILY = "1,2";
			};
			name = Debug;
		};
		5B328B0724EAFEE9009DA578 /* Release */ = {
			isa = XCBuildConfiguration;
			buildSettings = {
				ASSETCATALOG_COMPILER_APPICON_NAME = AppIcon;
				CODE_SIGN_STYLE = Automatic;
				DEVELOPMENT_ASSET_PATHS = "\"SteveCard/Preview Content\"";
				DEVELOPMENT_TEAM = 4582NNJ7T6;
				ENABLE_PREVIEWS = YES;
				INFOPLIST_FILE = SteveCard/Info.plist;
				LD_RUNPATH_SEARCH_PATHS = (
					"$(inherited)",
					"@executable_path/Frameworks",
				);
				PRODUCT_BUNDLE_IDENTIFIER = com.stevehechio.SteveCard;
				PRODUCT_NAME = "$(TARGET_NAME)";
				SWIFT_VERSION = 5.0;
				TARGETED_DEVICE_FAMILY = "1,2";
			};
			name = Release;
		};
/* End XCBuildConfiguration section */

/* Begin XCConfigurationList section */
		5B328AEC24EAFED9009DA578 /* Build configuration list for PBXProject "SteveCard" */ = {
			isa = XCConfigurationList;
			buildConfigurations = (
				5B328B0324EAFEE9009DA578 /* Debug */,
				5B328B0424EAFEE9009DA578 /* Release */,
			);
			defaultConfigurationIsVisible = 0;
			defaultConfigurationName = Release;
		};
		5B328B0524EAFEE9009DA578 /* Build configuration list for PBXNativeTarget "SteveCard" */ = {
			isa = XCConfigurationList;
			buildConfigurations = (
				5B328B0624EAFEE9009DA578 /* Debug */,
				5B328B0724EAFEE9009DA578 /* Release */,
			);
			defaultConfigurationIsVisible = 0;
			defaultConfigurationName = Release;
		};
/* End XCConfigurationList section */
	};
	rootObject = 5B328AE924EAFED9009DA578 /* Project object */;
}
